
Microsoft Visual Studio Solution File, Format Version 12.00
# Visual Studio Version 17
VisualStudioVersion = 17.6.33829.357
MinimumVisualStudioVersion = 10.0.40219.1
Project("{FAE04EC0-301F-11D3-BF4B-00C04F79EFBC}") = "Session1 CRUD Operations", "Session1 CRUD Operations\Session1 CRUD Operations.csproj", "{84DA1280-690B-47F5-A04B-98E6EF24D046}"
EndProject
Global
	GlobalSection(SolutionConfigurationPlatforms) = preSolution
		Debug|Any CPU = Debug|Any CPU
		Release|Any CPU = Release|Any CPU
	EndGlobalSection
	GlobalSection(ProjectConfigurationPlatforms) = postSolution
		{84DA1280-690B-47F5-A04B-98E6EF24D046}.Debug|Any CPU.ActiveCfg = Debug|Any CPU
		{84DA1280-690B-47F5-A04B-98E6EF24D046}.Debug|Any CPU.Build.0 = Debug|Any CPU
		{84DA1280-690B-47F5-A04B-98E6EF24D046}.Release|Any CPU.ActiveCfg = Release|Any CPU
		{84DA1280-690B-47F5-A04B-98E6EF24D046}.Release|Any CPU.Build.0 = Release|Any CPU
	EndGlobalSection
	GlobalSection(SolutionProperties) = preSolution
		HideSolutionNode = FALSE
	EndGlobalSection
	GlobalSection(ExtensibilityGlobals) = postSolution
		SolutionGuid = {2DEC872B-878B-4552-8E45-751B842134E6}
	EndGlobalSection
EndGlobal
