
Microsoft Visual Studio Solution File, Format Version 12.00
# Visual Studio Version 17
VisualStudioVersion = 17.6.33829.357
MinimumVisualStudioVersion = 10.0.40219.1
Project("{FAE04EC0-301F-11D3-BF4B-00C04F79EFBC}") = "Session 1 Data Annotation", "Session 1 Data Annotation\Session 1 Data Annotation.csproj", "{3DC52213-C274-41B3-8C24-524673B3AA0A}"
EndProject
Global
	GlobalSection(SolutionConfigurationPlatforms) = preSolution
		Debug|Any CPU = Debug|Any CPU
		Release|Any CPU = Release|Any CPU
	EndGlobalSection
	GlobalSection(ProjectConfigurationPlatforms) = postSolution
		{3DC52213-C274-41B3-8C24-524673B3AA0A}.Debug|Any CPU.ActiveCfg = Debug|Any CPU
		{3DC52213-C274-41B3-8C24-524673B3AA0A}.Debug|Any CPU.Build.0 = Debug|Any CPU
		{3DC52213-C274-41B3-8C24-524673B3AA0A}.Release|Any CPU.ActiveCfg = Release|Any CPU
		{3DC52213-C274-41B3-8C24-524673B3AA0A}.Release|Any CPU.Build.0 = Release|Any CPU
	EndGlobalSection
	GlobalSection(SolutionProperties) = preSolution
		HideSolutionNode = FALSE
	EndGlobalSection
	GlobalSection(ExtensibilityGlobals) = postSolution
		SolutionGuid = {610B5E23-A121-4B26-8F07-A72ED8AE6235}
	EndGlobalSection
EndGlobal
